
Microsoft Visual Studio Solution File, Format Version 12.00
# Visual Studio 14
VisualStudioVersion = 14.0.25420.1
MinimumVisualStudioVersion = 10.0.40219.1
Project("{FAE04EC0-301F-11D3-BF4B-00C04F79EFBC}") = "RexMingla.ClipboardManager", "RexMingla.ClipboardManager\RexMingla.ClipboardManager.csproj", "{87B8FF1B-ACC4-467E-A0BE-CA5B073B7616}"
EndProject
Project("{FAE04EC0-301F-11D3-BF4B-00C04F79EFBC}") = "RexMingla.ClipboardManager.Console", "RexMingla.ClipboardManager.Console\RexMingla.ClipboardManager.Console.csproj", "{4444AFC2-D6AA-4837-89BB-3C2CC55B5159}"
EndProject
Project("{FAE04EC0-301F-11D3-BF4B-00C04F79EFBC}") = "RexMingla.ClipboardManager.Tests", "RexMingla.ClipboardManager.Tests\RexMingla.ClipboardManager.Tests.csproj", "{D4BE164C-8642-4394-93FB-3140B2703B59}"
EndProject
Project("{FAE04EC0-301F-11D3-BF4B-00C04F79EFBC}") = "RexMingla.GlobalHotKey", "RexMingla.GlobalHotKey\RexMingla.GlobalHotKey.csproj", "{D03283D5-0919-4191-82C8-F7A007D21268}"
EndProject
Project("{FAE04EC0-301F-11D3-BF4B-00C04F79EFBC}") = "RexMingla.Clippy.WpfApplication", "RexMingla.Clippy.WpfApplication\RexMingla.Clippy.WpfApplication.csproj", "{57A9621D-29C8-4029-B891-AA5848A3FF0F}"
EndProject
Project("{FAE04EC0-301F-11D3-BF4B-00C04F79EFBC}") = "RexMingla.WindowManager", "RexMingla.WindowManager\RexMingla.WindowManager.csproj", "{512F4478-2F3E-4E2C-8BB3-C3F0259B5298}"
EndProject
Project("{FAE04EC0-301F-11D3-BF4B-00C04F79EFBC}") = "RexMingla.Clippy.Config", "RexMingla.Clippy.Config\RexMingla.Clippy.Config.csproj", "{E6277E3D-500F-41A4-A978-F1C20B2079C0}"
EndProject
Project("{FAE04EC0-301F-11D3-BF4B-00C04F79EFBC}") = "RexMingla.Action", "RexMingla.Action\RexMingla.Action.csproj", "{329089EA-F1F6-4EB5-BF9A-E86971A572E2}"
EndProject
Project("{FAE04EC0-301F-11D3-BF4B-00C04F79EFBC}") = "RexMingla.DataModel", "RexMingla.DataModel\RexMingla.DataModel.csproj", "{B46FF569-CC86-4A72-A132-89BC5034FEE6}"
EndProject
Global
	GlobalSection(SolutionConfigurationPlatforms) = preSolution
		Debug|Any CPU = Debug|Any CPU
		Release|Any CPU = Release|Any CPU
	EndGlobalSection
	GlobalSection(ProjectConfigurationPlatforms) = postSolution
		{87B8FF1B-ACC4-467E-A0BE-CA5B073B7616}.Debug|Any CPU.ActiveCfg = Debug|Any CPU
		{87B8FF1B-ACC4-467E-A0BE-CA5B073B7616}.Debug|Any CPU.Build.0 = Debug|Any CPU
		{87B8FF1B-ACC4-467E-A0BE-CA5B073B7616}.Release|Any CPU.ActiveCfg = Release|Any CPU
		{87B8FF1B-ACC4-467E-A0BE-CA5B073B7616}.Release|Any CPU.Build.0 = Release|Any CPU
		{4444AFC2-D6AA-4837-89BB-3C2CC55B5159}.Debug|Any CPU.ActiveCfg = Debug|Any CPU
		{4444AFC2-D6AA-4837-89BB-3C2CC55B5159}.Debug|Any CPU.Build.0 = Debug|Any CPU
		{4444AFC2-D6AA-4837-89BB-3C2CC55B5159}.Release|Any CPU.ActiveCfg = Release|Any CPU
		{4444AFC2-D6AA-4837-89BB-3C2CC55B5159}.Release|Any CPU.Build.0 = Release|Any CPU
		{D4BE164C-8642-4394-93FB-3140B2703B59}.Debug|Any CPU.ActiveCfg = Debug|Any CPU
		{D4BE164C-8642-4394-93FB-3140B2703B59}.Debug|Any CPU.Build.0 = Debug|Any CPU
		{D4BE164C-8642-4394-93FB-3140B2703B59}.Release|Any CPU.ActiveCfg = Release|Any CPU
		{D4BE164C-8642-4394-93FB-3140B2703B59}.Release|Any CPU.Build.0 = Release|Any CPU
		{D03283D5-0919-4191-82C8-F7A007D21268}.Debug|Any CPU.ActiveCfg = Debug|Any CPU
		{D03283D5-0919-4191-82C8-F7A007D21268}.Debug|Any CPU.Build.0 = Debug|Any CPU
		{D03283D5-0919-4191-82C8-F7A007D21268}.Release|Any CPU.ActiveCfg = Release|Any CPU
		{D03283D5-0919-4191-82C8-F7A007D21268}.Release|Any CPU.Build.0 = Release|Any CPU
		{57A9621D-29C8-4029-B891-AA5848A3FF0F}.Debug|Any CPU.ActiveCfg = Debug|Any CPU
		{57A9621D-29C8-4029-B891-AA5848A3FF0F}.Debug|Any CPU.Build.0 = Debug|Any CPU
		{57A9621D-29C8-4029-B891-AA5848A3FF0F}.Release|Any CPU.ActiveCfg = Release|Any CPU
		{57A9621D-29C8-4029-B891-AA5848A3FF0F}.Release|Any CPU.Build.0 = Release|Any CPU
		{512F4478-2F3E-4E2C-8BB3-C3F0259B5298}.Debug|Any CPU.ActiveCfg = Debug|Any CPU
		{512F4478-2F3E-4E2C-8BB3-C3F0259B5298}.Debug|Any CPU.Build.0 = Debug|Any CPU
		{512F4478-2F3E-4E2C-8BB3-C3F0259B5298}.Release|Any CPU.ActiveCfg = Release|Any CPU
		{512F4478-2F3E-4E2C-8BB3-C3F0259B5298}.Release|Any CPU.Build.0 = Release|Any CPU
		{E6277E3D-500F-41A4-A978-F1C20B2079C0}.Debug|Any CPU.ActiveCfg = Debug|Any CPU
		{E6277E3D-500F-41A4-A978-F1C20B2079C0}.Debug|Any CPU.Build.0 = Debug|Any CPU
		{E6277E3D-500F-41A4-A978-F1C20B2079C0}.Release|Any CPU.ActiveCfg = Release|Any CPU
		{E6277E3D-500F-41A4-A978-F1C20B2079C0}.Release|Any CPU.Build.0 = Release|Any CPU
		{329089EA-F1F6-4EB5-BF9A-E86971A572E2}.Debug|Any CPU.ActiveCfg = Debug|Any CPU
		{329089EA-F1F6-4EB5-BF9A-E86971A572E2}.Debug|Any CPU.Build.0 = Debug|Any CPU
		{329089EA-F1F6-4EB5-BF9A-E86971A572E2}.Release|Any CPU.ActiveCfg = Release|Any CPU
		{329089EA-F1F6-4EB5-BF9A-E86971A572E2}.Release|Any CPU.Build.0 = Release|Any CPU
		{B46FF569-CC86-4A72-A132-89BC5034FEE6}.Debug|Any CPU.ActiveCfg = Debug|Any CPU
		{B46FF569-CC86-4A72-A132-89BC5034FEE6}.Debug|Any CPU.Build.0 = Debug|Any CPU
		{B46FF569-CC86-4A72-A132-89BC5034FEE6}.Release|Any CPU.ActiveCfg = Release|Any CPU
		{B46FF569-CC86-4A72-A132-89BC5034FEE6}.Release|Any CPU.Build.0 = Release|Any CPU
	EndGlobalSection
	GlobalSection(SolutionProperties) = preSolution
		HideSolutionNode = FALSE
	EndGlobalSection
EndGlobal
